
Microsoft Visual Studio Solution File, Format Version 12.00
# Visual Studio Version 17
VisualStudioVersion = 17.0.31903.59
MinimumVisualStudioVersion = 10.0.40219.1
Project("{2150E333-8FDC-42A3-9474-1A3956D46DE8}") = "src", "src", "{29EA1F5B-78C7-4C27-99FB-0F6849B011B5}"
EndProject
Project("{FAE04EC0-301F-11D3-BF4B-00C04F79EFBC}") = "Api", "src\sfk-api\Api.csproj", "{B9AF8D34-83C9-4AAE-B544-114A2B3D68A7}"
EndProject
Project("{FAE04EC0-301F-11D3-BF4B-00C04F79EFBC}") = "Steamworks", "src\sfk-steamworks\Steamworks.csproj", "{281B8D4E-6747-48CF-87FC-4DD8A3EEC291}"
EndProject
Project("{FAE04EC0-301F-11D3-BF4B-00C04F79EFBC}") = "Transportation", "src\sfk-transportation\Transportation.csproj", "{A46A13F9-D68B-4061-A7CE-00320A41B01F}"
EndProject
Global
	GlobalSection(SolutionConfigurationPlatforms) = preSolution
		Debug|Any CPU = Debug|Any CPU
		Release|Any CPU = Release|Any CPU
	EndGlobalSection
	GlobalSection(SolutionProperties) = preSolution
		HideSolutionNode = FALSE
	EndGlobalSection
	GlobalSection(ProjectConfigurationPlatforms) = postSolution
		{BC68EDF6-C294-4819-B7F4-9EA99B73E69D}.Debug|Any CPU.ActiveCfg = Debug|Any CPU
		{BC68EDF6-C294-4819-B7F4-9EA99B73E69D}.Debug|Any CPU.Build.0 = Debug|Any CPU
		{BC68EDF6-C294-4819-B7F4-9EA99B73E69D}.Release|Any CPU.ActiveCfg = Release|Any CPU
		{BC68EDF6-C294-4819-B7F4-9EA99B73E69D}.Release|Any CPU.Build.0 = Release|Any CPU
		{CB2100BC-F653-402A-9FBA-EA463C2BD4FC}.Debug|Any CPU.ActiveCfg = Debug|Any CPU
		{CB2100BC-F653-402A-9FBA-EA463C2BD4FC}.Debug|Any CPU.Build.0 = Debug|Any CPU
		{CB2100BC-F653-402A-9FBA-EA463C2BD4FC}.Release|Any CPU.ActiveCfg = Release|Any CPU
		{CB2100BC-F653-402A-9FBA-EA463C2BD4FC}.Release|Any CPU.Build.0 = Release|Any CPU
		{B9AF8D34-83C9-4AAE-B544-114A2B3D68A7}.Debug|Any CPU.ActiveCfg = Debug|Any CPU
		{B9AF8D34-83C9-4AAE-B544-114A2B3D68A7}.Debug|Any CPU.Build.0 = Debug|Any CPU
		{B9AF8D34-83C9-4AAE-B544-114A2B3D68A7}.Release|Any CPU.ActiveCfg = Release|Any CPU
		{B9AF8D34-83C9-4AAE-B544-114A2B3D68A7}.Release|Any CPU.Build.0 = Release|Any CPU
		{281B8D4E-6747-48CF-87FC-4DD8A3EEC291}.Debug|Any CPU.ActiveCfg = Debug|Any CPU
		{281B8D4E-6747-48CF-87FC-4DD8A3EEC291}.Debug|Any CPU.Build.0 = Debug|Any CPU
		{281B8D4E-6747-48CF-87FC-4DD8A3EEC291}.Release|Any CPU.ActiveCfg = Release|Any CPU
		{281B8D4E-6747-48CF-87FC-4DD8A3EEC291}.Release|Any CPU.Build.0 = Release|Any CPU
		{A46A13F9-D68B-4061-A7CE-00320A41B01F}.Debug|Any CPU.ActiveCfg = Debug|Any CPU
		{A46A13F9-D68B-4061-A7CE-00320A41B01F}.Debug|Any CPU.Build.0 = Debug|Any CPU
		{A46A13F9-D68B-4061-A7CE-00320A41B01F}.Release|Any CPU.ActiveCfg = Release|Any CPU
		{A46A13F9-D68B-4061-A7CE-00320A41B01F}.Release|Any CPU.Build.0 = Release|Any CPU
	EndGlobalSection
	GlobalSection(NestedProjects) = preSolution
		{B9AF8D34-83C9-4AAE-B544-114A2B3D68A7} = {29EA1F5B-78C7-4C27-99FB-0F6849B011B5}
		{281B8D4E-6747-48CF-87FC-4DD8A3EEC291} = {29EA1F5B-78C7-4C27-99FB-0F6849B011B5}
		{A46A13F9-D68B-4061-A7CE-00320A41B01F} = {29EA1F5B-78C7-4C27-99FB-0F6849B011B5}
	EndGlobalSection
EndGlobal
